
Microsoft Visual Studio Solution File, Format Version 12.00
# Visual Studio 15
VisualStudioVersion = 15.0.28010.2048
MinimumVisualStudioVersion = 10.0.40219.1
Project("{FAE04EC0-301F-11D3-BF4B-00C04F79EFBC}") = "Server_LiteNetLib_8_Net_Core", "Server_LiteNetLib_8_Net_Core\Server_LiteNetLib_8_Net_Core.csproj", "{562BEB6E-296C-4A20-B0EA-4A3DF57A46B2}"
EndProject
Global
	GlobalSection(SolutionConfigurationPlatforms) = preSolution
		Debug|Any CPU = Debug|Any CPU
		Release|Any CPU = Release|Any CPU
	EndGlobalSection
	GlobalSection(ProjectConfigurationPlatforms) = postSolution
		{562BEB6E-296C-4A20-B0EA-4A3DF57A46B2}.Debug|Any CPU.ActiveCfg = Debug|Any CPU
		{562BEB6E-296C-4A20-B0EA-4A3DF57A46B2}.Debug|Any CPU.Build.0 = Debug|Any CPU
		{562BEB6E-296C-4A20-B0EA-4A3DF57A46B2}.Release|Any CPU.ActiveCfg = Release|Any CPU
		{562BEB6E-296C-4A20-B0EA-4A3DF57A46B2}.Release|Any CPU.Build.0 = Release|Any CPU
	EndGlobalSection
	GlobalSection(SolutionProperties) = preSolution
		HideSolutionNode = FALSE
	EndGlobalSection
	GlobalSection(ExtensibilityGlobals) = postSolution
		SolutionGuid = {64E9007F-B8FC-4D19-B875-24359B9D56E7}
	EndGlobalSection
EndGlobal
